// !$*UTF8*$!
{
	archiveVersion = 1;
	classes = {
	};
	objectVersion = 50;
	objects = {

/* Begin PBXBuildFile section */
		2F0E24E922C726720032962D /* testAsa.swift in Sources */ = {isa = PBXBuildFile; fileRef = 2F0E24E822C726720032962D /* testAsa.swift */; };
		2F1FD8AF22B9DBB3008ADBC7 /* AceType.swift in Sources */ = {isa = PBXBuildFile; fileRef = 2F1FD8AE22B9DBB3008ADBC7 /* AceType.swift */; };
		2F1FD8B022B9DBB3008ADBC7 /* AceType.swift in Sources */ = {isa = PBXBuildFile; fileRef = 2F1FD8AE22B9DBB3008ADBC7 /* AceType.swift */; };
		2F1FD8B222B9EE26008ADBC7 /* Collection+extensions.swift in Sources */ = {isa = PBXBuildFile; fileRef = 2F1FD8B122B9EE26008ADBC7 /* Collection+extensions.swift */; };
		2F1FD8B322B9EE26008ADBC7 /* Collection+extensions.swift in Sources */ = {isa = PBXBuildFile; fileRef = 2F1FD8B122B9EE26008ADBC7 /* Collection+extensions.swift */; };
		2F1FD8B522B9EF33008ADBC7 /* AceInfoDelegate.swift in Sources */ = {isa = PBXBuildFile; fileRef = 2F1FD8B422B9EF33008ADBC7 /* AceInfoDelegate.swift */; };
		2F1FD8B622B9EF33008ADBC7 /* AceInfoDelegate.swift in Sources */ = {isa = PBXBuildFile; fileRef = 2F1FD8B422B9EF33008ADBC7 /* AceInfoDelegate.swift */; };
		2F2698A322A7784300517AC9 /* Network_Mom_ACL_AnalyzerTests.swift in Sources */ = {isa = PBXBuildFile; fileRef = 2F2698A222A7784300517AC9 /* Network_Mom_ACL_AnalyzerTests.swift */; };
		2F2698AA22A7795800517AC9 /* AccessControlEntry.swift in Sources */ = {isa = PBXBuildFile; fileRef = 2FBAA079228A38AE00B53113 /* AccessControlEntry.swift */; };
		2F2698AB22A7798300517AC9 /* LinePosition.swift in Sources */ = {isa = PBXBuildFile; fileRef = 2FBAA084228F5EAB00B53113 /* LinePosition.swift */; };
		2F2698AE22A7798D00517AC9 /* AclAction.swift in Sources */ = {isa = PBXBuildFile; fileRef = 2FBAA07C228A392B00B53113 /* AclAction.swift */; };
		2F2698AF22A7799000517AC9 /* IpVersion.swift in Sources */ = {isa = PBXBuildFile; fileRef = 2FBAA07E228A399300B53113 /* IpVersion.swift */; };
		2F2698B022A7799200517AC9 /* MaskType.swift in Sources */ = {isa = PBXBuildFile; fileRef = 2FBAA086228F613700B53113 /* MaskType.swift */; };
		2F2698B122A7799B00517AC9 /* AccessList.swift in Sources */ = {isa = PBXBuildFile; fileRef = 2FBAA077228A12D500B53113 /* AccessList.swift */; };
		2F2698B222A7799F00517AC9 /* Array+extensions.swift in Sources */ = {isa = PBXBuildFile; fileRef = 2FBAA073228A0DF200B53113 /* Array+extensions.swift */; };
		2F2698B322A779A100517AC9 /* String+extensions.swift in Sources */ = {isa = PBXBuildFile; fileRef = 2FBAA082228F5B9D00B53113 /* String+extensions.swift */; };
		2F49B71422C6AC86001F0DB5 /* IpRange.swift in Sources */ = {isa = PBXBuildFile; fileRef = 2F49B71322C6AC86001F0DB5 /* IpRange.swift */; };
		2F49B71522C6AC86001F0DB5 /* IpRange.swift in Sources */ = {isa = PBXBuildFile; fileRef = 2F49B71322C6AC86001F0DB5 /* IpRange.swift */; };
		2F49B71722C6DAED001F0DB5 /* PortRange.swift in Sources */ = {isa = PBXBuildFile; fileRef = 2F49B71622C6DAED001F0DB5 /* PortRange.swift */; };
		2F49B71822C6DAED001F0DB5 /* PortRange.swift in Sources */ = {isa = PBXBuildFile; fileRef = 2F49B71622C6DAED001F0DB5 /* PortRange.swift */; };
		2F4B851822B16C8E00927DD2 /* AnalyzeDashboardController.swift in Sources */ = {isa = PBXBuildFile; fileRef = 2F4B851622B16C8E00927DD2 /* AnalyzeDashboardController.swift */; };
		2F4B851922B16C8E00927DD2 /* AnalyzeDashboardController.xib in Resources */ = {isa = PBXBuildFile; fileRef = 2F4B851722B16C8E00927DD2 /* AnalyzeDashboardController.xib */; };
		2F4B851C22B2EC2A00927DD2 /* AclErrorDelegate.swift in Sources */ = {isa = PBXBuildFile; fileRef = 2F4B851B22B2EC2A00927DD2 /* AclErrorDelegate.swift */; };
		2F4B851D22B2EC2A00927DD2 /* AclErrorDelegate.swift in Sources */ = {isa = PBXBuildFile; fileRef = 2F4B851B22B2EC2A00927DD2 /* AclErrorDelegate.swift */; };
		2F4B851F22B2EFE300927DD2 /* Severity.swift in Sources */ = {isa = PBXBuildFile; fileRef = 2F4B851E22B2EFE300927DD2 /* Severity.swift */; };
		2F4B852022B2EFE300927DD2 /* Severity.swift in Sources */ = {isa = PBXBuildFile; fileRef = 2F4B851E22B2EFE300927DD2 /* Severity.swift */; };
		2F4B852222B555F200927DD2 /* Socket.swift in Sources */ = {isa = PBXBuildFile; fileRef = 2F4B852122B555F200927DD2 /* Socket.swift */; };
		2F4B852322B555F200927DD2 /* Socket.swift in Sources */ = {isa = PBXBuildFile; fileRef = 2F4B852122B555F200927DD2 /* Socket.swift */; };
		2F5930C022B80CB700434C6E /* Credits.rtf in Resources */ = {isa = PBXBuildFile; fileRef = 2F5930BF22B80CB700434C6E /* Credits.rtf */; };
		2F69332222BD892D00634455 /* HelpController.xib in Resources */ = {isa = PBXBuildFile; fileRef = 2F69332122BD892D00634455 /* HelpController.xib */; };
		2F69332422BD894000634455 /* HelpController.swift in Sources */ = {isa = PBXBuildFile; fileRef = 2F69332322BD894000634455 /* HelpController.swift */; };
		2F69332622BEEB1C00634455 /* UnsupportedFeatureTests.swift in Sources */ = {isa = PBXBuildFile; fileRef = 2F69332522BEEB1C00634455 /* UnsupportedFeatureTests.swift */; };
		2F73920C22B6E4AE0062BC5C /* IcmpMessage.swift in Sources */ = {isa = PBXBuildFile; fileRef = 2F73920B22B6E4AE0062BC5C /* IcmpMessage.swift */; };
		2F73920D22B6E4AE0062BC5C /* IcmpMessage.swift in Sources */ = {isa = PBXBuildFile; fileRef = 2F73920B22B6E4AE0062BC5C /* IcmpMessage.swift */; };
		2F9D0676228A0700002C09EE /* AppDelegate.swift in Sources */ = {isa = PBXBuildFile; fileRef = 2F9D0675228A0700002C09EE /* AppDelegate.swift */; };
		2F9D067A228A0702002C09EE /* Assets.xcassets in Resources */ = {isa = PBXBuildFile; fileRef = 2F9D0679228A0702002C09EE /* Assets.xcassets */; };
		2F9D067D228A0702002C09EE /* Main.storyboard in Resources */ = {isa = PBXBuildFile; fileRef = 2F9D067B228A0702002C09EE /* Main.storyboard */; };
		2FA4F54322BC101C006040A4 /* PrivacyPolicyController.swift in Sources */ = {isa = PBXBuildFile; fileRef = 2FA4F54122BC101C006040A4 /* PrivacyPolicyController.swift */; };
		2FA4F54422BC101C006040A4 /* PrivacyPolicyController.xib in Resources */ = {isa = PBXBuildFile; fileRef = 2FA4F54222BC101C006040A4 /* PrivacyPolicyController.xib */; };
		2FA4F54622BC10D6006040A4 /* PrivacyPolicy.rtfd in Resources */ = {isa = PBXBuildFile; fileRef = 2FA4F54522BC10D6006040A4 /* PrivacyPolicy.rtfd */; };
		2FA4F54822BD8208006040A4 /* Help.rtf in Resources */ = {isa = PBXBuildFile; fileRef = 2FA4F54722BD8208006040A4 /* Help.rtf */; };
		2FBAA074228A0DF200B53113 /* Array+extensions.swift in Sources */ = {isa = PBXBuildFile; fileRef = 2FBAA073228A0DF200B53113 /* Array+extensions.swift */; };
		2FBAA078228A12D500B53113 /* AccessList.swift in Sources */ = {isa = PBXBuildFile; fileRef = 2FBAA077228A12D500B53113 /* AccessList.swift */; };
		2FBAA07A228A38AE00B53113 /* AccessControlEntry.swift in Sources */ = {isa = PBXBuildFile; fileRef = 2FBAA079228A38AE00B53113 /* AccessControlEntry.swift */; };
		2FBAA07D228A392B00B53113 /* AclAction.swift in Sources */ = {isa = PBXBuildFile; fileRef = 2FBAA07C228A392B00B53113 /* AclAction.swift */; };
		2FBAA07F228A399300B53113 /* IpVersion.swift in Sources */ = {isa = PBXBuildFile; fileRef = 2FBAA07E228A399300B53113 /* IpVersion.swift */; };
		2FBAA083228F5B9D00B53113 /* String+extensions.swift in Sources */ = {isa = PBXBuildFile; fileRef = 2FBAA082228F5B9D00B53113 /* String+extensions.swift */; };
		2FBAA085228F5EAB00B53113 /* LinePosition.swift in Sources */ = {isa = PBXBuildFile; fileRef = 2FBAA084228F5EAB00B53113 /* LinePosition.swift */; };
		2FBAA087228F613700B53113 /* MaskType.swift in Sources */ = {isa = PBXBuildFile; fileRef = 2FBAA086228F613700B53113 /* MaskType.swift */; };
		2FCE6AA322A865A300E0B4D7 /* UInt+extensions.swift in Sources */ = {isa = PBXBuildFile; fileRef = 2FCE6AA222A865A300E0B4D7 /* UInt+extensions.swift */; };
		2FCE6AA422A865A300E0B4D7 /* UInt+extensions.swift in Sources */ = {isa = PBXBuildFile; fileRef = 2FCE6AA222A865A300E0B4D7 /* UInt+extensions.swift */; };
		2FCE6AA722AAFD6600E0B4D7 /* PortOperator.swift in Sources */ = {isa = PBXBuildFile; fileRef = 2FCE6AA622AAFD6600E0B4D7 /* PortOperator.swift */; };
		2FCE6AA822AAFD6600E0B4D7 /* PortOperator.swift in Sources */ = {isa = PBXBuildFile; fileRef = 2FCE6AA622AAFD6600E0B4D7 /* PortOperator.swift */; };
		2FCE6AAA22ACAF5100E0B4D7 /* AclToken.swift in Sources */ = {isa = PBXBuildFile; fileRef = 2FCE6AA922ACAF5100E0B4D7 /* AclToken.swift */; };
		2FCE6AAB22ACAF5100E0B4D7 /* AclToken.swift in Sources */ = {isa = PBXBuildFile; fileRef = 2FCE6AA922ACAF5100E0B4D7 /* AclToken.swift */; };
/* End PBXBuildFile section */

/* Begin PBXContainerItemProxy section */
		2F2698A522A7784300517AC9 /* PBXContainerItemProxy */ = {
			isa = PBXContainerItemProxy;
			containerPortal = 2F9D066A228A0700002C09EE /* Project object */;
			proxyType = 1;
			remoteGlobalIDString = 2F9D0671228A0700002C09EE;
			remoteInfo = "Network Mom ACL Analyzer";
		};
/* End PBXContainerItemProxy section */

/* Begin PBXFileReference section */
		2F0E24E822C726720032962D /* testAsa.swift */ = {isa = PBXFileReference; lastKnownFileType = sourcecode.swift; path = testAsa.swift; sourceTree = "<group>"; };
		2F1FD8AE22B9DBB3008ADBC7 /* AceType.swift */ = {isa = PBXFileReference; lastKnownFileType = sourcecode.swift; path = AceType.swift; sourceTree = "<group>"; };
		2F1FD8B122B9EE26008ADBC7 /* Collection+extensions.swift */ = {isa = PBXFileReference; lastKnownFileType = sourcecode.swift; path = "Collection+extensions.swift"; sourceTree = "<group>"; };
		2F1FD8B422B9EF33008ADBC7 /* AceInfoDelegate.swift */ = {isa = PBXFileReference; lastKnownFileType = sourcecode.swift; path = AceInfoDelegate.swift; sourceTree = "<group>"; };
		2F2698A022A7784300517AC9 /* Network Mom ACL AnalyzerTests.xctest */ = {isa = PBXFileReference; explicitFileType = wrapper.cfbundle; includeInIndex = 0; path = "Network Mom ACL AnalyzerTests.xctest"; sourceTree = BUILT_PRODUCTS_DIR; };
		2F2698A222A7784300517AC9 /* Network_Mom_ACL_AnalyzerTests.swift */ = {isa = PBXFileReference; lastKnownFileType = sourcecode.swift; path = Network_Mom_ACL_AnalyzerTests.swift; sourceTree = "<group>"; };
		2F2698A422A7784300517AC9 /* Info.plist */ = {isa = PBXFileReference; lastKnownFileType = text.plist.xml; path = Info.plist; sourceTree = "<group>"; };
		2F49B71322C6AC86001F0DB5 /* IpRange.swift */ = {isa = PBXFileReference; lastKnownFileType = sourcecode.swift; path = IpRange.swift; sourceTree = "<group>"; };
		2F49B71622C6DAED001F0DB5 /* PortRange.swift */ = {isa = PBXFileReference; fileEncoding = 4; lastKnownFileType = sourcecode.swift; path = PortRange.swift; sourceTree = "<group>"; };
		2F4B851622B16C8E00927DD2 /* AnalyzeDashboardController.swift */ = {isa = PBXFileReference; lastKnownFileType = sourcecode.swift; path = AnalyzeDashboardController.swift; sourceTree = "<group>"; };
		2F4B851722B16C8E00927DD2 /* AnalyzeDashboardController.xib */ = {isa = PBXFileReference; lastKnownFileType = file.xib; path = AnalyzeDashboardController.xib; sourceTree = "<group>"; };
		2F4B851B22B2EC2A00927DD2 /* AclErrorDelegate.swift */ = {isa = PBXFileReference; lastKnownFileType = sourcecode.swift; path = AclErrorDelegate.swift; sourceTree = "<group>"; };
		2F4B851E22B2EFE300927DD2 /* Severity.swift */ = {isa = PBXFileReference; lastKnownFileType = sourcecode.swift; path = Severity.swift; sourceTree = "<group>"; };
		2F4B852122B555F200927DD2 /* Socket.swift */ = {isa = PBXFileReference; lastKnownFileType = sourcecode.swift; path = Socket.swift; sourceTree = "<group>"; };
		2F5930BF22B80CB700434C6E /* Credits.rtf */ = {isa = PBXFileReference; lastKnownFileType = text.rtf; path = Credits.rtf; sourceTree = "<group>"; };
		2F69332122BD892D00634455 /* HelpController.xib */ = {isa = PBXFileReference; fileEncoding = 4; lastKnownFileType = file.xib; path = HelpController.xib; sourceTree = "<group>"; };
		2F69332322BD894000634455 /* HelpController.swift */ = {isa = PBXFileReference; fileEncoding = 4; lastKnownFileType = sourcecode.swift; path = HelpController.swift; sourceTree = "<group>"; };
		2F69332522BEEB1C00634455 /* UnsupportedFeatureTests.swift */ = {isa = PBXFileReference; lastKnownFileType = sourcecode.swift; path = UnsupportedFeatureTests.swift; sourceTree = "<group>"; };
		2F73920B22B6E4AE0062BC5C /* IcmpMessage.swift */ = {isa = PBXFileReference; lastKnownFileType = sourcecode.swift; path = IcmpMessage.swift; sourceTree = "<group>"; };
		2F9D0672228A0700002C09EE /* Network Mom ACL Analyzer.app */ = {isa = PBXFileReference; explicitFileType = wrapper.application; includeInIndex = 0; path = "Network Mom ACL Analyzer.app"; sourceTree = BUILT_PRODUCTS_DIR; };
		2F9D0675228A0700002C09EE /* AppDelegate.swift */ = {isa = PBXFileReference; lastKnownFileType = sourcecode.swift; path = AppDelegate.swift; sourceTree = "<group>"; };
		2F9D0679228A0702002C09EE /* Assets.xcassets */ = {isa = PBXFileReference; lastKnownFileType = folder.assetcatalog; path = Assets.xcassets; sourceTree = "<group>"; };
		2F9D067C228A0702002C09EE /* Base */ = {isa = PBXFileReference; lastKnownFileType = file.storyboard; name = Base; path = Base.lproj/Main.storyboard; sourceTree = "<group>"; };
		2F9D067E228A0702002C09EE /* Info.plist */ = {isa = PBXFileReference; lastKnownFileType = text.plist.xml; path = Info.plist; sourceTree = "<group>"; };
		2F9D067F228A0702002C09EE /* Network_Mom_ACL_Analyzer.entitlements */ = {isa = PBXFileReference; lastKnownFileType = text.plist.entitlements; path = Network_Mom_ACL_Analyzer.entitlements; sourceTree = "<group>"; };
		2FA4F54122BC101C006040A4 /* PrivacyPolicyController.swift */ = {isa = PBXFileReference; lastKnownFileType = sourcecode.swift; path = PrivacyPolicyController.swift; sourceTree = "<group>"; };
		2FA4F54222BC101C006040A4 /* PrivacyPolicyController.xib */ = {isa = PBXFileReference; lastKnownFileType = file.xib; path = PrivacyPolicyController.xib; sourceTree = "<group>"; };
		2FA4F54522BC10D6006040A4 /* PrivacyPolicy.rtfd */ = {isa = PBXFileReference; lastKnownFileType = wrapper.rtfd; path = PrivacyPolicy.rtfd; sourceTree = "<group>"; };
		2FA4F54722BD8208006040A4 /* Help.rtf */ = {isa = PBXFileReference; lastKnownFileType = text.rtf; path = Help.rtf; sourceTree = "<group>"; };
		2FBAA073228A0DF200B53113 /* Array+extensions.swift */ = {isa = PBXFileReference; fileEncoding = 4; lastKnownFileType = sourcecode.swift; path = "Array+extensions.swift"; sourceTree = "<group>"; };
		2FBAA077228A12D500B53113 /* AccessList.swift */ = {isa = PBXFileReference; lastKnownFileType = sourcecode.swift; path = AccessList.swift; sourceTree = "<group>"; };
		2FBAA079228A38AE00B53113 /* AccessControlEntry.swift */ = {isa = PBXFileReference; lastKnownFileType = sourcecode.swift; path = AccessControlEntry.swift; sourceTree = "<group>"; };
		2FBAA07C228A392B00B53113 /* AclAction.swift */ = {isa = PBXFileReference; lastKnownFileType = sourcecode.swift; path = AclAction.swift; sourceTree = "<group>"; };
		2FBAA07E228A399300B53113 /* IpVersion.swift */ = {isa = PBXFileReference; lastKnownFileType = sourcecode.swift; path = IpVersion.swift; sourceTree = "<group>"; };
		2FBAA082228F5B9D00B53113 /* String+extensions.swift */ = {isa = PBXFileReference; lastKnownFileType = sourcecode.swift; path = "String+extensions.swift"; sourceTree = "<group>"; };
		2FBAA084228F5EAB00B53113 /* LinePosition.swift */ = {isa = PBXFileReference; lastKnownFileType = sourcecode.swift; path = LinePosition.swift; sourceTree = "<group>"; };
		2FBAA086228F613700B53113 /* MaskType.swift */ = {isa = PBXFileReference; lastKnownFileType = sourcecode.swift; path = MaskType.swift; sourceTree = "<group>"; };
		2FCE6AA222A865A300E0B4D7 /* UInt+extensions.swift */ = {isa = PBXFileReference; lastKnownFileType = sourcecode.swift; path = "UInt+extensions.swift"; sourceTree = "<group>"; };
		2FCE6AA622AAFD6600E0B4D7 /* PortOperator.swift */ = {isa = PBXFileReference; lastKnownFileType = sourcecode.swift; path = PortOperator.swift; sourceTree = "<group>"; };
		2FCE6AA922ACAF5100E0B4D7 /* AclToken.swift */ = {isa = PBXFileReference; lastKnownFileType = sourcecode.swift; path = AclToken.swift; sourceTree = "<group>"; };
/* End PBXFileReference section */

/* Begin PBXFrameworksBuildPhase section */
		2F26989D22A7784300517AC9 /* Frameworks */ = {
			isa = PBXFrameworksBuildPhase;
			buildActionMask = 2147483647;
			files = (
			);
			runOnlyForDeploymentPostprocessing = 0;
		};
		2F9D066F228A0700002C09EE /* Frameworks */ = {
			isa = PBXFrameworksBuildPhase;
			buildActionMask = 2147483647;
			files = (
			);
			runOnlyForDeploymentPostprocessing = 0;
		};
/* End PBXFrameworksBuildPhase section */

/* Begin PBXGroup section */
		2F2698A122A7784300517AC9 /* Network Mom ACL AnalyzerTests */ = {
			isa = PBXGroup;
			children = (
				2F0E24E822C726720032962D /* testAsa.swift */,
				2F2698A222A7784300517AC9 /* Network_Mom_ACL_AnalyzerTests.swift */,
				2F69332522BEEB1C00634455 /* UnsupportedFeatureTests.swift */,
				2F2698A422A7784300517AC9 /* Info.plist */,
			);
			path = "Network Mom ACL AnalyzerTests";
			sourceTree = "<group>";
		};
		2F4B851A22B2EBB100927DD2 /* Protocols */ = {
			isa = PBXGroup;
			children = (
				2F4B851B22B2EC2A00927DD2 /* AclErrorDelegate.swift */,
				2F1FD8B422B9EF33008ADBC7 /* AceInfoDelegate.swift */,
			);
			path = Protocols;
			sourceTree = "<group>";
		};
		2F5930BE22B80C8A00434C6E /* Resources */ = {
			isa = PBXGroup;
			children = (
				2F5930BF22B80CB700434C6E /* Credits.rtf */,
				2FA4F54522BC10D6006040A4 /* PrivacyPolicy.rtfd */,
				2FA4F54722BD8208006040A4 /* Help.rtf */,
			);
			path = Resources;
			sourceTree = "<group>";
		};
		2F9D0669228A0700002C09EE = {
			isa = PBXGroup;
			children = (
				2F9D0674228A0700002C09EE /* Network Mom ACL Analyzer */,
				2F2698A122A7784300517AC9 /* Network Mom ACL AnalyzerTests */,
				2F9D0673228A0700002C09EE /* Products */,
			);
			sourceTree = "<group>";
		};
		2F9D0673228A0700002C09EE /* Products */ = {
			isa = PBXGroup;
			children = (
				2F9D0672228A0700002C09EE /* Network Mom ACL Analyzer.app */,
				2F2698A022A7784300517AC9 /* Network Mom ACL AnalyzerTests.xctest */,
			);
			name = Products;
			sourceTree = "<group>";
		};
		2F9D0674228A0700002C09EE /* Network Mom ACL Analyzer */ = {
			isa = PBXGroup;
			children = (
				2F9D0675228A0700002C09EE /* AppDelegate.swift */,
				2F9D0679228A0702002C09EE /* Assets.xcassets */,
				2F9D067B228A0702002C09EE /* Main.storyboard */,
				2FBAA072228A0DE200B53113 /* extensions */,
				2FCE6AA522AAFCF000E0B4D7 /* enumerations */,
				2F4B851A22B2EBB100927DD2 /* Protocols */,
				2F5930BE22B80C8A00434C6E /* Resources */,
				2FBAA076228A12A400B53113 /* Model */,
				2FBAA075228A0E5F00B53113 /* Controllers */,
				2F9D067E228A0702002C09EE /* Info.plist */,
				2F9D067F228A0702002C09EE /* Network_Mom_ACL_Analyzer.entitlements */,
			);
			path = "Network Mom ACL Analyzer";
			sourceTree = "<group>";
		};
		2FBAA072228A0DE200B53113 /* extensions */ = {
			isa = PBXGroup;
			children = (
				2FCE6AA222A865A300E0B4D7 /* UInt+extensions.swift */,
				2FBAA082228F5B9D00B53113 /* String+extensions.swift */,
				2FBAA073228A0DF200B53113 /* Array+extensions.swift */,
				2F1FD8B122B9EE26008ADBC7 /* Collection+extensions.swift */,
			);
			path = extensions;
			sourceTree = "<group>";
		};
		2FBAA075228A0E5F00B53113 /* Controllers */ = {
			isa = PBXGroup;
			children = (
				2F4B851622B16C8E00927DD2 /* AnalyzeDashboardController.swift */,
				2F4B851722B16C8E00927DD2 /* AnalyzeDashboardController.xib */,
				2FA4F54122BC101C006040A4 /* PrivacyPolicyController.swift */,
				2FA4F54222BC101C006040A4 /* PrivacyPolicyController.xib */,
				2F69332322BD894000634455 /* HelpController.swift */,
				2F69332122BD892D00634455 /* HelpController.xib */,
			);
			path = Controllers;
			sourceTree = "<group>";
		};
		2FBAA076228A12A400B53113 /* Model */ = {
			isa = PBXGroup;
			children = (
				2FBAA077228A12D500B53113 /* AccessList.swift */,
				2FBAA079228A38AE00B53113 /* AccessControlEntry.swift */,
				2F49B71322C6AC86001F0DB5 /* IpRange.swift */,
				2F49B71622C6DAED001F0DB5 /* PortRange.swift */,
				2F4B852122B555F200927DD2 /* Socket.swift */,
			);
			path = Model;
			sourceTree = "<group>";
		};
		2FCE6AA522AAFCF000E0B4D7 /* enumerations */ = {
			isa = PBXGroup;
			children = (
				2F1FD8AE22B9DBB3008ADBC7 /* AceType.swift */,
				2FBAA07C228A392B00B53113 /* AclAction.swift */,
				2FCE6AA922ACAF5100E0B4D7 /* AclToken.swift */,
				2FBAA07E228A399300B53113 /* IpVersion.swift */,
				2FBAA084228F5EAB00B53113 /* LinePosition.swift */,
				2FBAA086228F613700B53113 /* MaskType.swift */,
				2FCE6AA622AAFD6600E0B4D7 /* PortOperator.swift */,
				2F4B851E22B2EFE300927DD2 /* Severity.swift */,
				2F73920B22B6E4AE0062BC5C /* IcmpMessage.swift */,
			);
			path = enumerations;
			sourceTree = "<group>";
		};
/* End PBXGroup section */

/* Begin PBXNativeTarget section */
		2F26989F22A7784300517AC9 /* Network Mom ACL AnalyzerTests */ = {
			isa = PBXNativeTarget;
			buildConfigurationList = 2F2698A722A7784300517AC9 /* Build configuration list for PBXNativeTarget "Network Mom ACL AnalyzerTests" */;
			buildPhases = (
				2F26989C22A7784300517AC9 /* Sources */,
				2F26989D22A7784300517AC9 /* Frameworks */,
				2F26989E22A7784300517AC9 /* Resources */,
			);
			buildRules = (
			);
			dependencies = (
				2F2698A622A7784300517AC9 /* PBXTargetDependency */,
			);
			name = "Network Mom ACL AnalyzerTests";
			productName = "Network Mom ACL AnalyzerTests";
			productReference = 2F2698A022A7784300517AC9 /* Network Mom ACL AnalyzerTests.xctest */;
			productType = "com.apple.product-type.bundle.unit-test";
		};
		2F9D0671228A0700002C09EE /* Network Mom ACL Analyzer */ = {
			isa = PBXNativeTarget;
			buildConfigurationList = 2F9D0682228A0702002C09EE /* Build configuration list for PBXNativeTarget "Network Mom ACL Analyzer" */;
			buildPhases = (
				2F9D066E228A0700002C09EE /* Sources */,
				2F9D066F228A0700002C09EE /* Frameworks */,
				2F9D0670228A0700002C09EE /* Resources */,
			);
			buildRules = (
			);
			dependencies = (
			);
			name = "Network Mom ACL Analyzer";
			productName = "Network Mom ACL Analyzer";
			productReference = 2F9D0672228A0700002C09EE /* Network Mom ACL Analyzer.app */;
			productType = "com.apple.product-type.application";
		};
/* End PBXNativeTarget section */

/* Begin PBXProject section */
		2F9D066A228A0700002C09EE /* Project object */ = {
			isa = PBXProject;
			attributes = {
				LastSwiftUpdateCheck = 1020;
				LastUpgradeCheck = 1020;
				ORGANIZATIONNAME = "Network Mom LLC";
				TargetAttributes = {
					2F26989F22A7784300517AC9 = {
						CreatedOnToolsVersion = 10.2.1;
						TestTargetID = 2F9D0671228A0700002C09EE;
					};
					2F9D0671228A0700002C09EE = {
						CreatedOnToolsVersion = 10.2.1;
						SystemCapabilities = {
							com.apple.HardenedRuntime = {
								enabled = 1;
							};
						};
					};
				};
			};
			buildConfigurationList = 2F9D066D228A0700002C09EE /* Build configuration list for PBXProject "Network Mom ACL Analyzer" */;
			compatibilityVersion = "Xcode 9.3";
			developmentRegion = en;
			hasScannedForEncodings = 0;
			knownRegions = (
				en,
				Base,
			);
			mainGroup = 2F9D0669228A0700002C09EE;
			productRefGroup = 2F9D0673228A0700002C09EE /* Products */;
			projectDirPath = "";
			projectRoot = "";
			targets = (
				2F9D0671228A0700002C09EE /* Network Mom ACL Analyzer */,
				2F26989F22A7784300517AC9 /* Network Mom ACL AnalyzerTests */,
			);
		};
/* End PBXProject section */

/* Begin PBXResourcesBuildPhase section */
		2F26989E22A7784300517AC9 /* Resources */ = {
			isa = PBXResourcesBuildPhase;
			buildActionMask = 2147483647;
			files = (
			);
			runOnlyForDeploymentPostprocessing = 0;
		};
		2F9D0670228A0700002C09EE /* Resources */ = {
			isa = PBXResourcesBuildPhase;
			buildActionMask = 2147483647;
			files = (
				2F69332222BD892D00634455 /* HelpController.xib in Resources */,
				2F9D067A228A0702002C09EE /* Assets.xcassets in Resources */,
				2F9D067D228A0702002C09EE /* Main.storyboard in Resources */,
				2F4B851922B16C8E00927DD2 /* AnalyzeDashboardController.xib in Resources */,
				2FA4F54622BC10D6006040A4 /* PrivacyPolicy.rtfd in Resources */,
				2F5930C022B80CB700434C6E /* Credits.rtf in Resources */,
				2FA4F54422BC101C006040A4 /* PrivacyPolicyController.xib in Resources */,
				2FA4F54822BD8208006040A4 /* Help.rtf in Resources */,
			);
			runOnlyForDeploymentPostprocessing = 0;
		};
/* End PBXResourcesBuildPhase section */

/* Begin PBXSourcesBuildPhase section */
		2F26989C22A7784300517AC9 /* Sources */ = {
			isa = PBXSourcesBuildPhase;
			buildActionMask = 2147483647;
			files = (
				2F2698AE22A7798D00517AC9 /* AclAction.swift in Sources */,
				2F1FD8B022B9DBB3008ADBC7 /* AceType.swift in Sources */,
				2F4B851D22B2EC2A00927DD2 /* AclErrorDelegate.swift in Sources */,
				2F2698B322A779A100517AC9 /* String+extensions.swift in Sources */,
				2F4B852322B555F200927DD2 /* Socket.swift in Sources */,
				2F4B852022B2EFE300927DD2 /* Severity.swift in Sources */,
				2F0E24E922C726720032962D /* testAsa.swift in Sources */,
				2FCE6AA822AAFD6600E0B4D7 /* PortOperator.swift in Sources */,
				2F2698B122A7799B00517AC9 /* AccessList.swift in Sources */,
				2F2698AA22A7795800517AC9 /* AccessControlEntry.swift in Sources */,
				2FCE6AAB22ACAF5100E0B4D7 /* AclToken.swift in Sources */,
				2F2698AB22A7798300517AC9 /* LinePosition.swift in Sources */,
				2F1FD8B322B9EE26008ADBC7 /* Collection+extensions.swift in Sources */,
				2F73920D22B6E4AE0062BC5C /* IcmpMessage.swift in Sources */,
				2F2698AF22A7799000517AC9 /* IpVersion.swift in Sources */,
				2F1FD8B622B9EF33008ADBC7 /* AceInfoDelegate.swift in Sources */,
				2F2698A322A7784300517AC9 /* Network_Mom_ACL_AnalyzerTests.swift in Sources */,
				2F69332622BEEB1C00634455 /* UnsupportedFeatureTests.swift in Sources */,
				2F2698B022A7799200517AC9 /* MaskType.swift in Sources */,
				2F2698B222A7799F00517AC9 /* Array+extensions.swift in Sources */,
				2FCE6AA422A865A300E0B4D7 /* UInt+extensions.swift in Sources */,
				2F49B71822C6DAED001F0DB5 /* PortRange.swift in Sources */,
				2F49B71522C6AC86001F0DB5 /* IpRange.swift in Sources */,
			);
			runOnlyForDeploymentPostprocessing = 0;
		};
		2F9D066E228A0700002C09EE /* Sources */ = {
			isa = PBXSourcesBuildPhase;
			buildActionMask = 2147483647;
			files = (
				2FBAA085228F5EAB00B53113 /* LinePosition.swift in Sources */,
				2FBAA07F228A399300B53113 /* IpVersion.swift in Sources */,
				2FBAA078228A12D500B53113 /* AccessList.swift in Sources */,
				2F9D0676228A0700002C09EE /* AppDelegate.swift in Sources */,
				2F49B71722C6DAED001F0DB5 /* PortRange.swift in Sources */,
				2FA4F54322BC101C006040A4 /* PrivacyPolicyController.swift in Sources */,
				2F4B851C22B2EC2A00927DD2 /* AclErrorDelegate.swift in Sources */,
				2F4B851822B16C8E00927DD2 /* AnalyzeDashboardController.swift in Sources */,
				2F4B852222B555F200927DD2 /* Socket.swift in Sources */,
				2F69332422BD894000634455 /* HelpController.swift in Sources */,
				2F1FD8B222B9EE26008ADBC7 /* Collection+extensions.swift in Sources */,
				2F1FD8B522B9EF33008ADBC7 /* AceInfoDelegate.swift in Sources */,
				2FCE6AA722AAFD6600E0B4D7 /* PortOperator.swift in Sources */,
				2FCE6AA322A865A300E0B4D7 /* UInt+extensions.swift in Sources */,
				2FBAA07D228A392B00B53113 /* AclAction.swift in Sources */,
				2FBAA087228F613700B53113 /* MaskType.swift in Sources */,
				2FCE6AAA22ACAF5100E0B4D7 /* AclToken.swift in Sources */,
				2FBAA07A228A38AE00B53113 /* AccessControlEntry.swift in Sources */,
				2F73920C22B6E4AE0062BC5C /* IcmpMessage.swift in Sources */,
				2F49B71422C6AC86001F0DB5 /* IpRange.swift in Sources */,
				2FBAA083228F5B9D00B53113 /* String+extensions.swift in Sources */,
				2F1FD8AF22B9DBB3008ADBC7 /* AceType.swift in Sources */,
				2F4B851F22B2EFE300927DD2 /* Severity.swift in Sources */,
				2FBAA074228A0DF200B53113 /* Array+extensions.swift in Sources */,
			);
			runOnlyForDeploymentPostprocessing = 0;
		};
/* End PBXSourcesBuildPhase section */

/* Begin PBXTargetDependency section */
		2F2698A622A7784300517AC9 /* PBXTargetDependency */ = {
			isa = PBXTargetDependency;
			target = 2F9D0671228A0700002C09EE /* Network Mom ACL Analyzer */;
			targetProxy = 2F2698A522A7784300517AC9 /* PBXContainerItemProxy */;
		};
/* End PBXTargetDependency section */

/* Begin PBXVariantGroup section */
		2F9D067B228A0702002C09EE /* Main.storyboard */ = {
			isa = PBXVariantGroup;
			children = (
				2F9D067C228A0702002C09EE /* Base */,
			);
			name = Main.storyboard;
			sourceTree = "<group>";
		};
/* End PBXVariantGroup section */

/* Begin XCBuildConfiguration section */
		2F2698A822A7784300517AC9 /* Debug */ = {
			isa = XCBuildConfiguration;
			buildSettings = {
				BUNDLE_LOADER = "$(TEST_HOST)";
				CODE_SIGN_STYLE = Automatic;
				COMBINE_HIDPI_IMAGES = YES;
				DEVELOPMENT_TEAM = 8DU2Q8ABKY;
				INFOPLIST_FILE = "Network Mom ACL AnalyzerTests/Info.plist";
				LD_RUNPATH_SEARCH_PATHS = (
					"$(inherited)",
					"@executable_path/../Frameworks",
					"@loader_path/../Frameworks",
				);
				PRODUCT_BUNDLE_IDENTIFIER = "net.networkmom.Network-Mom-ACL-AnalyzerTests";
				PRODUCT_NAME = "$(TARGET_NAME)";
				SWIFT_VERSION = 5.0;
				TEST_HOST = "$(BUILT_PRODUCTS_DIR)/Network Mom ACL Analyzer.app/Contents/MacOS/Network Mom ACL Analyzer";
			};
			name = Debug;
		};
		2F2698A922A7784300517AC9 /* Release */ = {
			isa = XCBuildConfiguration;
			buildSettings = {
				BUNDLE_LOADER = "$(TEST_HOST)";
				CODE_SIGN_STYLE = Automatic;
				COMBINE_HIDPI_IMAGES = YES;
				DEVELOPMENT_TEAM = 8DU2Q8ABKY;
				INFOPLIST_FILE = "Network Mom ACL AnalyzerTests/Info.plist";
				LD_RUNPATH_SEARCH_PATHS = (
					"$(inherited)",
					"@executable_path/../Frameworks",
					"@loader_path/../Frameworks",
				);
				PRODUCT_BUNDLE_IDENTIFIER = "net.networkmom.Network-Mom-ACL-AnalyzerTests";
				PRODUCT_NAME = "$(TARGET_NAME)";
				SWIFT_VERSION = 5.0;
				TEST_HOST = "$(BUILT_PRODUCTS_DIR)/Network Mom ACL Analyzer.app/Contents/MacOS/Network Mom ACL Analyzer";
			};
			name = Release;
		};
		2F9D0680228A0702002C09EE /* Debug */ = {
			isa = XCBuildConfiguration;
			buildSettings = {
				ALWAYS_SEARCH_USER_PATHS = NO;
				CLANG_ANALYZER_NONNULL = YES;
				CLANG_ANALYZER_NUMBER_OBJECT_CONVERSION = YES_AGGRESSIVE;
				CLANG_CXX_LANGUAGE_STANDARD = "gnu++14";
				CLANG_CXX_LIBRARY = "libc++";
				CLANG_ENABLE_MODULES = YES;
				CLANG_ENABLE_OBJC_ARC = YES;
				CLANG_ENABLE_OBJC_WEAK = YES;
				CLANG_WARN_BLOCK_CAPTURE_AUTORELEASING = YES;
				CLANG_WARN_BOOL_CONVERSION = YES;
				CLANG_WARN_COMMA = YES;
				CLANG_WARN_CONSTANT_CONVERSION = YES;
				CLANG_WARN_DEPRECATED_OBJC_IMPLEMENTATIONS = YES;
				CLANG_WARN_DIRECT_OBJC_ISA_USAGE = YES_ERROR;
				CLANG_WARN_DOCUMENTATION_COMMENTS = YES;
				CLANG_WARN_EMPTY_BODY = YES;
				CLANG_WARN_ENUM_CONVERSION = YES;
				CLANG_WARN_INFINITE_RECURSION = YES;
				CLANG_WARN_INT_CONVERSION = YES;
				CLANG_WARN_NON_LITERAL_NULL_CONVERSION = YES;
				CLANG_WARN_OBJC_IMPLICIT_RETAIN_SELF = YES;
				CLANG_WARN_OBJC_LITERAL_CONVERSION = YES;
				CLANG_WARN_OBJC_ROOT_CLASS = YES_ERROR;
				CLANG_WARN_RANGE_LOOP_ANALYSIS = YES;
				CLANG_WARN_STRICT_PROTOTYPES = YES;
				CLANG_WARN_SUSPICIOUS_MOVE = YES;
				CLANG_WARN_UNGUARDED_AVAILABILITY = YES_AGGRESSIVE;
				CLANG_WARN_UNREACHABLE_CODE = YES;
				CLANG_WARN__DUPLICATE_METHOD_MATCH = YES;
				CODE_SIGN_IDENTITY = "Mac Developer";
				COPY_PHASE_STRIP = NO;
				DEBUG_INFORMATION_FORMAT = dwarf;
				ENABLE_STRICT_OBJC_MSGSEND = YES;
				ENABLE_TESTABILITY = YES;
				GCC_C_LANGUAGE_STANDARD = gnu11;
				GCC_DYNAMIC_NO_PIC = NO;
				GCC_NO_COMMON_BLOCKS = YES;
				GCC_OPTIMIZATION_LEVEL = 0;
				GCC_PREPROCESSOR_DEFINITIONS = (
					"DEBUG=1",
					"$(inherited)",
				);
				GCC_WARN_64_TO_32_BIT_CONVERSION = YES;
				GCC_WARN_ABOUT_RETURN_TYPE = YES_ERROR;
				GCC_WARN_UNDECLARED_SELECTOR = YES;
				GCC_WARN_UNINITIALIZED_AUTOS = YES_AGGRESSIVE;
				GCC_WARN_UNUSED_FUNCTION = YES;
				GCC_WARN_UNUSED_VARIABLE = YES;
				MACOSX_DEPLOYMENT_TARGET = 10.14;
				MTL_ENABLE_DEBUG_INFO = INCLUDE_SOURCE;
				MTL_FAST_MATH = YES;
				ONLY_ACTIVE_ARCH = YES;
				SDKROOT = macosx;
				SWIFT_ACTIVE_COMPILATION_CONDITIONS = DEBUG;
				SWIFT_OPTIMIZATION_LEVEL = "-Onone";
			};
			name = Debug;
		};
		2F9D0681228A0702002C09EE /* Release */ = {
			isa = XCBuildConfiguration;
			buildSettings = {
				ALWAYS_SEARCH_USER_PATHS = NO;
				CLANG_ANALYZER_NONNULL = YES;
				CLANG_ANALYZER_NUMBER_OBJECT_CONVERSION = YES_AGGRESSIVE;
				CLANG_CXX_LANGUAGE_STANDARD = "gnu++14";
				CLANG_CXX_LIBRARY = "libc++";
				CLANG_ENABLE_MODULES = YES;
				CLANG_ENABLE_OBJC_ARC = YES;
				CLANG_ENABLE_OBJC_WEAK = YES;
				CLANG_WARN_BLOCK_CAPTURE_AUTORELEASING = YES;
				CLANG_WARN_BOOL_CONVERSION = YES;
				CLANG_WARN_COMMA = YES;
				CLANG_WARN_CONSTANT_CONVERSION = YES;
				CLANG_WARN_DEPRECATED_OBJC_IMPLEMENTATIONS = YES;
				CLANG_WARN_DIRECT_OBJC_ISA_USAGE = YES_ERROR;
				CLANG_WARN_DOCUMENTATION_COMMENTS = YES;
				CLANG_WARN_EMPTY_BODY = YES;
				CLANG_WARN_ENUM_CONVERSION = YES;
				CLANG_WARN_INFINITE_RECURSION = YES;
				CLANG_WARN_INT_CONVERSION = YES;
				CLANG_WARN_NON_LITERAL_NULL_CONVERSION = YES;
				CLANG_WARN_OBJC_IMPLICIT_RETAIN_SELF = YES;
				CLANG_WARN_OBJC_LITERAL_CONVERSION = YES;
				CLANG_WARN_OBJC_ROOT_CLASS = YES_ERROR;
				CLANG_WARN_RANGE_LOOP_ANALYSIS = YES;
				CLANG_WARN_STRICT_PROTOTYPES = YES;
				CLANG_WARN_SUSPICIOUS_MOVE = YES;
				CLANG_WARN_UNGUARDED_AVAILABILITY = YES_AGGRESSIVE;
				CLANG_WARN_UNREACHABLE_CODE = YES;
				CLANG_WARN__DUPLICATE_METHOD_MATCH = YES;
				CODE_SIGN_IDENTITY = "Mac Developer";
				COPY_PHASE_STRIP = NO;
				DEBUG_INFORMATION_FORMAT = "dwarf-with-dsym";
				ENABLE_NS_ASSERTIONS = NO;
				ENABLE_STRICT_OBJC_MSGSEND = YES;
				GCC_C_LANGUAGE_STANDARD = gnu11;
				GCC_NO_COMMON_BLOCKS = YES;
				GCC_WARN_64_TO_32_BIT_CONVERSION = YES;
				GCC_WARN_ABOUT_RETURN_TYPE = YES_ERROR;
				GCC_WARN_UNDECLARED_SELECTOR = YES;
				GCC_WARN_UNINITIALIZED_AUTOS = YES_AGGRESSIVE;
				GCC_WARN_UNUSED_FUNCTION = YES;
				GCC_WARN_UNUSED_VARIABLE = YES;
				MACOSX_DEPLOYMENT_TARGET = 10.14;
				MTL_ENABLE_DEBUG_INFO = NO;
				MTL_FAST_MATH = YES;
				SDKROOT = macosx;
				SWIFT_COMPILATION_MODE = wholemodule;
				SWIFT_OPTIMIZATION_LEVEL = "-O";
			};
			name = Release;
		};
		2F9D0683228A0702002C09EE /* Debug */ = {
			isa = XCBuildConfiguration;
			buildSettings = {
				ASSETCATALOG_COMPILER_APPICON_NAME = AppIcon;
				CODE_SIGN_ENTITLEMENTS = "Network Mom ACL Analyzer/Network_Mom_ACL_Analyzer.entitlements";
				CODE_SIGN_STYLE = Automatic;
				COMBINE_HIDPI_IMAGES = YES;
				DEVELOPMENT_TEAM = 8DU2Q8ABKY;
				ENABLE_HARDENED_RUNTIME = YES;
				INFOPLIST_FILE = "Network Mom ACL Analyzer/Info.plist";
				LD_RUNPATH_SEARCH_PATHS = (
					"$(inherited)",
					"@executable_path/../Frameworks",
				);
				PRODUCT_BUNDLE_IDENTIFIER = "net.networkmom.Network-Mom-ACL-Analyzer";
				PRODUCT_NAME = "$(TARGET_NAME)";
				SWIFT_VERSION = 5.0;
			};
			name = Debug;
		};
		2F9D0684228A0702002C09EE /* Release */ = {
			isa = XCBuildConfiguration;
			buildSettings = {
				ASSETCATALOG_COMPILER_APPICON_NAME = AppIcon;
				CODE_SIGN_ENTITLEMENTS = "Network Mom ACL Analyzer/Network_Mom_ACL_Analyzer.entitlements";
				CODE_SIGN_STYLE = Automatic;
				COMBINE_HIDPI_IMAGES = YES;
				DEVELOPMENT_TEAM = 8DU2Q8ABKY;
				ENABLE_HARDENED_RUNTIME = YES;
				INFOPLIST_FILE = "Network Mom ACL Analyzer/Info.plist";
				LD_RUNPATH_SEARCH_PATHS = (
					"$(inherited)",
					"@executable_path/../Frameworks",
				);
				PRODUCT_BUNDLE_IDENTIFIER = "net.networkmom.Network-Mom-ACL-Analyzer";
				PRODUCT_NAME = "$(TARGET_NAME)";
				SWIFT_VERSION = 5.0;
			};
			name = Release;
		};
/* End XCBuildConfiguration section */

/* Begin XCConfigurationList section */
		2F2698A722A7784300517AC9 /* Build configuration list for PBXNativeTarget "Network Mom ACL AnalyzerTests" */ = {
			isa = XCConfigurationList;
			buildConfigurations = (
				2F2698A822A7784300517AC9 /* Debug */,
				2F2698A922A7784300517AC9 /* Release */,
			);
			defaultConfigurationIsVisible = 0;
			defaultConfigurationName = Release;
		};
		2F9D066D228A0700002C09EE /* Build configuration list for PBXProject "Network Mom ACL Analyzer" */ = {
			isa = XCConfigurationList;
			buildConfigurations = (
				2F9D0680228A0702002C09EE /* Debug */,
				2F9D0681228A0702002C09EE /* Release */,
			);
			defaultConfigurationIsVisible = 0;
			defaultConfigurationName = Release;
		};
		2F9D0682228A0702002C09EE /* Build configuration list for PBXNativeTarget "Network Mom ACL Analyzer" */ = {
			isa = XCConfigurationList;
			buildConfigurations = (
				2F9D0683228A0702002C09EE /* Debug */,
				2F9D0684228A0702002C09EE /* Release */,
			);
			defaultConfigurationIsVisible = 0;
			defaultConfigurationName = Release;
		};
/* End XCConfigurationList section */
	};
	rootObject = 2F9D066A228A0700002C09EE /* Project object */;
}
